
Microsoft Visual Studio Solution File, Format Version 12.00
# Visual Studio 15
VisualStudioVersion = 15.0.28307.1022
MinimumVisualStudioVersion = 10.0.40219.1
Project("{FAE04EC0-301F-11D3-BF4B-00C04F79EFBC}") = "InkCanvasDemo", "InkCanvasDemo\InkCanvasDemo.csproj", "{F4E70F34-C9A0-49AC-9DF7-D3F6173F1358}"
EndProject
Global
	GlobalSection(SolutionConfigurationPlatforms) = preSolution
		Debug|Any CPU = Debug|Any CPU
		Release|Any CPU = Release|Any CPU
	EndGlobalSection
	GlobalSection(ProjectConfigurationPlatforms) = postSolution
		{F4E70F34-C9A0-49AC-9DF7-D3F6173F1358}.Debug|Any CPU.ActiveCfg = Debug|Any CPU
		{F4E70F34-C9A0-49AC-9DF7-D3F6173F1358}.Debug|Any CPU.Build.0 = Debug|Any CPU
		{F4E70F34-C9A0-49AC-9DF7-D3F6173F1358}.Release|Any CPU.ActiveCfg = Release|Any CPU
		{F4E70F34-C9A0-49AC-9DF7-D3F6173F1358}.Release|Any CPU.Build.0 = Release|Any CPU
	EndGlobalSection
	GlobalSection(SolutionProperties) = preSolution
		HideSolutionNode = FALSE
	EndGlobalSection
	GlobalSection(ExtensibilityGlobals) = postSolution
		SolutionGuid = {3D40DACD-9B54-4DDF-AB55-08CAB9CDD1F5}
	EndGlobalSection
EndGlobal
